{
  "name": "ngrx-ex",
  "version": "0.0.0",
  "lockfileVersion": 1,
  "requires": true,
  "dependencies": {
    "@ngrx/core": {
      "version": "1.2.0",
      "resolved": "https://registry.npmjs.org/@ngrx/core/-/core-1.2.0.tgz",
      "integrity": "sha1-iCtGq6+i4ObYh8txobLC+j5tDcY="
    },
    "@ngrx/store": {
      "version": "4.0.3",
      "resolved": "https://registry.npmjs.org/@ngrx/store/-/store-4.0.3.tgz",
      "integrity": "sha1-Nqus36Gb+4UG5A3oC64GBQoeFek="
    }
  }
}
